{
  "lockfileVersion": 1,
  "configVersion": 1,
  "workspaces": {
    "": {
      "name": "create-elysiajs",
      "dependencies": {
        "enquirer": "^2.4.1",
        "minimist": "^1.2.8",
        "tasuku": "^2.0.1",
      },
      "devDependencies": {
        "@biomejs/biome": "^2.0.0",
        "@types/bun": "^1.2.5",
        "@types/minimist": "^1.2.5",
        "husky": "^9.1.7",
        "pkgroll": "^2.11.2",
        "ts-dedent": "^2.2.0",
        "typescript": "^5.8.2",
      },
    },
  },
  "packages": {
    "@biomejs/biome": ["@biomejs/biome@2.3.5", "", { "optionalDependencies": { "@biomejs/cli-darwin-arm64": "2.3.5", "@biomejs/cli-darwin-x64": "2.3.5", "@biomejs/cli-linux-arm64": "2.3.5", "@biomejs/cli-linux-arm64-musl": "2.3.5", "@biomejs/cli-linux-x64": "2.3.5", "@biomejs/cli-linux-x64-musl": "2.3.5", "@biomejs/cli-win32-arm64": "2.3.5", "@biomejs/cli-win32-x64": "2.3.5" }, "bin": { "biome": "bin/biome" } }, "sha512-HvLhNlIlBIbAV77VysRIBEwp55oM/QAjQEin74QQX9Xb259/XP/D5AGGnZMOyF1el4zcvlNYYR3AyTMUV3ILhg=="],

    "@biomejs/cli-darwin-arm64": ["@biomejs/cli-darwin-arm64@2.3.5", "", { "os": "darwin", "cpu": "arm64" }, "sha512-fLdTur8cJU33HxHUUsii3GLx/TR0BsfQx8FkeqIiW33cGMtUD56fAtrh+2Fx1uhiCsVZlFh6iLKUU3pniZREQw=="],

    "@biomejs/cli-darwin-x64": ["@biomejs/cli-darwin-x64@2.3.5", "", { "os": "darwin", "cpu": "x64" }, "sha512-qpT8XDqeUlzrOW8zb4k3tjhT7rmvVRumhi2657I2aGcY4B+Ft5fNwDdZGACzn8zj7/K1fdWjgwYE3i2mSZ+vOA=="],

    "@biomejs/cli-linux-arm64": ["@biomejs/cli-linux-arm64@2.3.5", "", { "os": "linux", "cpu": "arm64" }, "sha512-u/pybjTBPGBHB66ku4pK1gj+Dxgx7/+Z0jAriZISPX1ocTO8aHh8x8e7Kb1rB4Ms0nA/SzjtNOVJ4exVavQBCw=="],

    "@biomejs/cli-linux-arm64-musl": ["@biomejs/cli-linux-arm64-musl@2.3.5", "", { "os": "linux", "cpu": "arm64" }, "sha512-eGUG7+hcLgGnMNl1KHVZUYxahYAhC462jF/wQolqu4qso2MSk32Q+QrpN7eN4jAHAg7FUMIo897muIhK4hXhqg=="],

    "@biomejs/cli-linux-x64": ["@biomejs/cli-linux-x64@2.3.5", "", { "os": "linux", "cpu": "x64" }, "sha512-XrIVi9YAW6ye0CGQ+yax0gLfx+BFOtKaNX74n+xHWla6Cl6huUmcKNO7HPx7BiKnJUzrxXY1qYlm7xMvi08X4g=="],

    "@biomejs/cli-linux-x64-musl": ["@biomejs/cli-linux-x64-musl@2.3.5", "", { "os": "linux", "cpu": "x64" }, "sha512-awVuycTPpVTH/+WDVnEEYSf6nbCBHf/4wB3lquwT7puhNg8R4XvonWNZzUsfHZrCkjkLhFH/vCZK5jHatD9FEg=="],

    "@biomejs/cli-win32-arm64": ["@biomejs/cli-win32-arm64@2.3.5", "", { "os": "win32", "cpu": "arm64" }, "sha512-DlBiMlBZZ9eIq4H7RimDSGsYcOtfOIfZOaI5CqsWiSlbTfqbPVfWtCf92wNzx8GNMbu1s7/g3ZZESr6+GwM/SA=="],

    "@biomejs/cli-win32-x64": ["@biomejs/cli-win32-x64@2.3.5", "", { "os": "win32", "cpu": "x64" }, "sha512-nUmR8gb6yvrKhtRgzwo/gDimPwnO5a4sCydf8ZS2kHIJhEmSmk+STsusr1LHTuM//wXppBawvSQi2xFXJCdgKQ=="],

    "@esbuild/aix-ppc64": ["@esbuild/aix-ppc64@0.25.12", "", { "os": "aix", "cpu": "ppc64" }, "sha512-Hhmwd6CInZ3dwpuGTF8fJG6yoWmsToE+vYgD4nytZVxcu1ulHpUQRAB1UJ8+N1Am3Mz4+xOByoQoSZf4D+CpkA=="],

    "@esbuild/android-arm": ["@esbuild/android-arm@0.25.12", "", { "os": "android", "cpu": "arm" }, "sha512-VJ+sKvNA/GE7Ccacc9Cha7bpS8nyzVv0jdVgwNDaR4gDMC/2TTRc33Ip8qrNYUcpkOHUT5OZ0bUcNNVZQ9RLlg=="],

    "@esbuild/android-arm64": ["@esbuild/android-arm64@0.25.12", "", { "os": "android", "cpu": "arm64" }, "sha512-6AAmLG7zwD1Z159jCKPvAxZd4y/VTO0VkprYy+3N2FtJ8+BQWFXU+OxARIwA46c5tdD9SsKGZ/1ocqBS/gAKHg=="],

    "@esbuild/android-x64": ["@esbuild/android-x64@0.25.12", "", { "os": "android", "cpu": "x64" }, "sha512-5jbb+2hhDHx5phYR2By8GTWEzn6I9UqR11Kwf22iKbNpYrsmRB18aX/9ivc5cabcUiAT/wM+YIZ6SG9QO6a8kg=="],

    "@esbuild/darwin-arm64": ["@esbuild/darwin-arm64@0.25.12", "", { "os": "darwin", "cpu": "arm64" }, "sha512-N3zl+lxHCifgIlcMUP5016ESkeQjLj/959RxxNYIthIg+CQHInujFuXeWbWMgnTo4cp5XVHqFPmpyu9J65C1Yg=="],

    "@esbuild/darwin-x64": ["@esbuild/darwin-x64@0.25.12", "", { "os": "darwin", "cpu": "x64" }, "sha512-HQ9ka4Kx21qHXwtlTUVbKJOAnmG1ipXhdWTmNXiPzPfWKpXqASVcWdnf2bnL73wgjNrFXAa3yYvBSd9pzfEIpA=="],

    "@esbuild/freebsd-arm64": ["@esbuild/freebsd-arm64@0.25.12", "", { "os": "freebsd", "cpu": "arm64" }, "sha512-gA0Bx759+7Jve03K1S0vkOu5Lg/85dou3EseOGUes8flVOGxbhDDh/iZaoek11Y8mtyKPGF3vP8XhnkDEAmzeg=="],

    "@esbuild/freebsd-x64": ["@esbuild/freebsd-x64@0.25.12", "", { "os": "freebsd", "cpu": "x64" }, "sha512-TGbO26Yw2xsHzxtbVFGEXBFH0FRAP7gtcPE7P5yP7wGy7cXK2oO7RyOhL5NLiqTlBh47XhmIUXuGciXEqYFfBQ=="],

    "@esbuild/linux-arm": ["@esbuild/linux-arm@0.25.12", "", { "os": "linux", "cpu": "arm" }, "sha512-lPDGyC1JPDou8kGcywY0YILzWlhhnRjdof3UlcoqYmS9El818LLfJJc3PXXgZHrHCAKs/Z2SeZtDJr5MrkxtOw=="],

    "@esbuild/linux-arm64": ["@esbuild/linux-arm64@0.25.12", "", { "os": "linux", "cpu": "arm64" }, "sha512-8bwX7a8FghIgrupcxb4aUmYDLp8pX06rGh5HqDT7bB+8Rdells6mHvrFHHW2JAOPZUbnjUpKTLg6ECyzvas2AQ=="],

    "@esbuild/linux-ia32": ["@esbuild/linux-ia32@0.25.12", "", { "os": "linux", "cpu": "ia32" }, "sha512-0y9KrdVnbMM2/vG8KfU0byhUN+EFCny9+8g202gYqSSVMonbsCfLjUO+rCci7pM0WBEtz+oK/PIwHkzxkyharA=="],

    "@esbuild/linux-loong64": ["@esbuild/linux-loong64@0.25.12", "", { "os": "linux", "cpu": "none" }, "sha512-h///Lr5a9rib/v1GGqXVGzjL4TMvVTv+s1DPoxQdz7l/AYv6LDSxdIwzxkrPW438oUXiDtwM10o9PmwS/6Z0Ng=="],

    "@esbuild/linux-mips64el": ["@esbuild/linux-mips64el@0.25.12", "", { "os": "linux", "cpu": "none" }, "sha512-iyRrM1Pzy9GFMDLsXn1iHUm18nhKnNMWscjmp4+hpafcZjrr2WbT//d20xaGljXDBYHqRcl8HnxbX6uaA/eGVw=="],

    "@esbuild/linux-ppc64": ["@esbuild/linux-ppc64@0.25.12", "", { "os": "linux", "cpu": "ppc64" }, "sha512-9meM/lRXxMi5PSUqEXRCtVjEZBGwB7P/D4yT8UG/mwIdze2aV4Vo6U5gD3+RsoHXKkHCfSxZKzmDssVlRj1QQA=="],

    "@esbuild/linux-riscv64": ["@esbuild/linux-riscv64@0.25.12", "", { "os": "linux", "cpu": "none" }, "sha512-Zr7KR4hgKUpWAwb1f3o5ygT04MzqVrGEGXGLnj15YQDJErYu/BGg+wmFlIDOdJp0PmB0lLvxFIOXZgFRrdjR0w=="],

    "@esbuild/linux-s390x": ["@esbuild/linux-s390x@0.25.12", "", { "os": "linux", "cpu": "s390x" }, "sha512-MsKncOcgTNvdtiISc/jZs/Zf8d0cl/t3gYWX8J9ubBnVOwlk65UIEEvgBORTiljloIWnBzLs4qhzPkJcitIzIg=="],

    "@esbuild/linux-x64": ["@esbuild/linux-x64@0.25.12", "", { "os": "linux", "cpu": "x64" }, "sha512-uqZMTLr/zR/ed4jIGnwSLkaHmPjOjJvnm6TVVitAa08SLS9Z0VM8wIRx7gWbJB5/J54YuIMInDquWyYvQLZkgw=="],

    "@esbuild/netbsd-arm64": ["@esbuild/netbsd-arm64@0.25.12", "", { "os": "none", "cpu": "arm64" }, "sha512-xXwcTq4GhRM7J9A8Gv5boanHhRa/Q9KLVmcyXHCTaM4wKfIpWkdXiMog/KsnxzJ0A1+nD+zoecuzqPmCRyBGjg=="],

    "@esbuild/netbsd-x64": ["@esbuild/netbsd-x64@0.25.12", "", { "os": "none", "cpu": "x64" }, "sha512-Ld5pTlzPy3YwGec4OuHh1aCVCRvOXdH8DgRjfDy/oumVovmuSzWfnSJg+VtakB9Cm0gxNO9BzWkj6mtO1FMXkQ=="],

    "@esbuild/openbsd-arm64": ["@esbuild/openbsd-arm64@0.25.12", "", { "os": "openbsd", "cpu": "arm64" }, "sha512-fF96T6KsBo/pkQI950FARU9apGNTSlZGsv1jZBAlcLL1MLjLNIWPBkj5NlSz8aAzYKg+eNqknrUJ24QBybeR5A=="],

    "@esbuild/openbsd-x64": ["@esbuild/openbsd-x64@0.25.12", "", { "os": "openbsd", "cpu": "x64" }, "sha512-MZyXUkZHjQxUvzK7rN8DJ3SRmrVrke8ZyRusHlP+kuwqTcfWLyqMOE3sScPPyeIXN/mDJIfGXvcMqCgYKekoQw=="],

    "@esbuild/openharmony-arm64": ["@esbuild/openharmony-arm64@0.25.12", "", { "os": "none", "cpu": "arm64" }, "sha512-rm0YWsqUSRrjncSXGA7Zv78Nbnw4XL6/dzr20cyrQf7ZmRcsovpcRBdhD43Nuk3y7XIoW2OxMVvwuRvk9XdASg=="],

    "@esbuild/sunos-x64": ["@esbuild/sunos-x64@0.25.12", "", { "os": "sunos", "cpu": "x64" }, "sha512-3wGSCDyuTHQUzt0nV7bocDy72r2lI33QL3gkDNGkod22EsYl04sMf0qLb8luNKTOmgF/eDEDP5BFNwoBKH441w=="],

    "@esbuild/win32-arm64": ["@esbuild/win32-arm64@0.25.12", "", { "os": "win32", "cpu": "arm64" }, "sha512-rMmLrur64A7+DKlnSuwqUdRKyd3UE7oPJZmnljqEptesKM8wx9J8gx5u0+9Pq0fQQW8vqeKebwNXdfOyP+8Bsg=="],

    "@esbuild/win32-ia32": ["@esbuild/win32-ia32@0.25.12", "", { "os": "win32", "cpu": "ia32" }, "sha512-HkqnmmBoCbCwxUKKNPBixiWDGCpQGVsrQfJoVGYLPT41XWF8lHuE5N6WhVia2n4o5QK5M4tYr21827fNhi4byQ=="],

    "@esbuild/win32-x64": ["@esbuild/win32-x64@0.25.12", "", { "os": "win32", "cpu": "x64" }, "sha512-alJC0uCZpTFrSL0CCDjcgleBXPnCrEAhTBILpeAp7M/OFgoqtAetfBzX0xM00MUsVVPpVjlPuMbREqnZCXaTnA=="],

    "@jridgewell/sourcemap-codec": ["@jridgewell/sourcemap-codec@1.5.5", "", {}, "sha512-cYQ9310grqxueWbl+WuIUIaiUaDcj7WOq5fVhEljNVgRfOUhY9fy2zTvfoqWsnebh8Sl70VScFbICvJnLKB0Og=="],

    "@nodelib/fs.scandir": ["@nodelib/fs.scandir@2.1.5", "", { "dependencies": { "@nodelib/fs.stat": "2.0.5", "run-parallel": "^1.1.9" } }, "sha512-vq24Bq3ym5HEQm2NKCr3yXDwjc7vTsEThRDnkp2DK9p1uqLR+DHurm/NOTo0KG7HYHU7eppKZj3MyqYuMBf62g=="],

    "@nodelib/fs.stat": ["@nodelib/fs.stat@2.0.5", "", {}, "sha512-RkhPPp2zrqDAQA/2jNhnztcPAlv64XdhIp7a7454A5ovI7Bukxgt7MX7udwAu3zg1DcpPU0rz3VV1SeaqvY4+A=="],

    "@nodelib/fs.walk": ["@nodelib/fs.walk@1.2.8", "", { "dependencies": { "@nodelib/fs.scandir": "2.1.5", "fastq": "^1.6.0" } }, "sha512-oGB+UxlgWcgQkgwo8GcEGwemoTFt3FIO9ababBmaGwXIoBKZ+GTy0pP185beGg7Llih/NSHSV2XAs1lnznocSg=="],

    "@rollup/plugin-alias": ["@rollup/plugin-alias@5.1.1", "", { "peerDependencies": { "rollup": "^1.20.0||^2.0.0||^3.0.0||^4.0.0" }, "optionalPeers": ["rollup"] }, "sha512-PR9zDb+rOzkRb2VD+EuKB7UC41vU5DIwZ5qqCpk0KJudcWAyi8rvYOhS7+L5aZCspw1stTViLgN5v6FF1p5cgQ=="],

    "@rollup/plugin-commonjs": ["@rollup/plugin-commonjs@28.0.9", "", { "dependencies": { "@rollup/pluginutils": "^5.0.1", "commondir": "^1.0.1", "estree-walker": "^2.0.2", "fdir": "^6.2.0", "is-reference": "1.2.1", "magic-string": "^0.30.3", "picomatch": "^4.0.2" }, "peerDependencies": { "rollup": "^2.68.0||^3.0.0||^4.0.0" }, "optionalPeers": ["rollup"] }, "sha512-PIR4/OHZ79romx0BVVll/PkwWpJ7e5lsqFa3gFfcrFPWwLXLV39JVUzQV9RKjWerE7B845Hqjj9VYlQeieZ2dA=="],

    "@rollup/plugin-dynamic-import-vars": ["@rollup/plugin-dynamic-import-vars@2.1.5", "", { "dependencies": { "@rollup/pluginutils": "^5.0.1", "astring": "^1.8.5", "estree-walker": "^2.0.2", "fast-glob": "^3.2.12", "magic-string": "^0.30.3" }, "peerDependencies": { "rollup": "^1.20.0||^2.0.0||^3.0.0||^4.0.0" }, "optionalPeers": ["rollup"] }, "sha512-Mymi24fd9hlRifdZV/jYIFj1dn99F34imiYu3KzlAcgBcRi3i9SucgW/VRo5SQ9K4NuQ7dCep6pFWgNyhRdFHQ=="],

    "@rollup/plugin-inject": ["@rollup/plugin-inject@5.0.5", "", { "dependencies": { "@rollup/pluginutils": "^5.0.1", "estree-walker": "^2.0.2", "magic-string": "^0.30.3" }, "peerDependencies": { "rollup": "^1.20.0||^2.0.0||^3.0.0||^4.0.0" }, "optionalPeers": ["rollup"] }, "sha512-2+DEJbNBoPROPkgTDNe8/1YXWcqxbN5DTjASVIOx8HS+pITXushyNiBV56RB08zuptzz8gT3YfkqriTBVycepg=="],

    "@rollup/plugin-json": ["@rollup/plugin-json@6.1.0", "", { "dependencies": { "@rollup/pluginutils": "^5.1.0" }, "peerDependencies": { "rollup": "^1.20.0||^2.0.0||^3.0.0||^4.0.0" }, "optionalPeers": ["rollup"] }, "sha512-EGI2te5ENk1coGeADSIwZ7G2Q8CJS2sF120T7jLw4xFw9n7wIOXHo+kIYRAoVpJAN+kmqZSoO3Fp4JtoNF4ReA=="],

    "@rollup/plugin-node-resolve": ["@rollup/plugin-node-resolve@16.0.3", "", { "dependencies": { "@rollup/pluginutils": "^5.0.1", "@types/resolve": "1.20.2", "deepmerge": "^4.2.2", "is-module": "^1.0.0", "resolve": "^1.22.1" }, "peerDependencies": { "rollup": "^2.78.0||^3.0.0||^4.0.0" }, "optionalPeers": ["rollup"] }, "sha512-lUYM3UBGuM93CnMPG1YocWu7X802BrNF3jW2zny5gQyLQgRFJhV1Sq0Zi74+dh/6NBx1DxFC4b4GXg9wUCG5Qg=="],

    "@rollup/pluginutils": ["@rollup/pluginutils@5.3.0", "", { "dependencies": { "@types/estree": "^1.0.0", "estree-walker": "^2.0.2", "picomatch": "^4.0.2" }, "peerDependencies": { "rollup": "^1.20.0||^2.0.0||^3.0.0||^4.0.0" }, "optionalPeers": ["rollup"] }, "sha512-5EdhGZtnu3V88ces7s53hhfK5KSASnJZv8Lulpc04cWO3REESroJXg73DFsOmgbU2BhwV0E20bu2IDZb3VKW4Q=="],

    "@rollup/rollup-android-arm-eabi": ["@rollup/rollup-android-arm-eabi@4.53.2", "", { "os": "android", "cpu": "arm" }, "sha512-yDPzwsgiFO26RJA4nZo8I+xqzh7sJTZIWQOxn+/XOdPE31lAvLIYCKqjV+lNH/vxE2L2iH3plKxDCRK6i+CwhA=="],

    "@rollup/rollup-android-arm64": ["@rollup/rollup-android-arm64@4.53.2", "", { "os": "android", "cpu": "arm64" }, "sha512-k8FontTxIE7b0/OGKeSN5B6j25EuppBcWM33Z19JoVT7UTXFSo3D9CdU39wGTeb29NO3XxpMNauh09B+Ibw+9g=="],

    "@rollup/rollup-darwin-arm64": ["@rollup/rollup-darwin-arm64@4.53.2", "", { "os": "darwin", "cpu": "arm64" }, "sha512-A6s4gJpomNBtJ2yioj8bflM2oogDwzUiMl2yNJ2v9E7++sHrSrsQ29fOfn5DM/iCzpWcebNYEdXpaK4tr2RhfQ=="],

    "@rollup/rollup-darwin-x64": ["@rollup/rollup-darwin-x64@4.53.2", "", { "os": "darwin", "cpu": "x64" }, "sha512-e6XqVmXlHrBlG56obu9gDRPW3O3hLxpwHpLsBJvuI8qqnsrtSZ9ERoWUXtPOkY8c78WghyPHZdmPhHLWNdAGEw=="],

    "@rollup/rollup-freebsd-arm64": ["@rollup/rollup-freebsd-arm64@4.53.2", "", { "os": "freebsd", "cpu": "arm64" }, "sha512-v0E9lJW8VsrwPux5Qe5CwmH/CF/2mQs6xU1MF3nmUxmZUCHazCjLgYvToOk+YuuUqLQBio1qkkREhxhc656ViA=="],

    "@rollup/rollup-freebsd-x64": ["@rollup/rollup-freebsd-x64@4.53.2", "", { "os": "freebsd", "cpu": "x64" }, "sha512-ClAmAPx3ZCHtp6ysl4XEhWU69GUB1D+s7G9YjHGhIGCSrsg00nEGRRZHmINYxkdoJehde8VIsDC5t9C0gb6yqA=="],

    "@rollup/rollup-linux-arm-gnueabihf": ["@rollup/rollup-linux-arm-gnueabihf@4.53.2", "", { "os": "linux", "cpu": "arm" }, "sha512-EPlb95nUsz6Dd9Qy13fI5kUPXNSljaG9FiJ4YUGU1O/Q77i5DYFW5KR8g1OzTcdZUqQQ1KdDqsTohdFVwCwjqg=="],

    "@rollup/rollup-linux-arm-musleabihf": ["@rollup/rollup-linux-arm-musleabihf@4.53.2", "", { "os": "linux", "cpu": "arm" }, "sha512-BOmnVW+khAUX+YZvNfa0tGTEMVVEerOxN0pDk2E6N6DsEIa2Ctj48FOMfNDdrwinocKaC7YXUZ1pHlKpnkja/Q=="],

    "@rollup/rollup-linux-arm64-gnu": ["@rollup/rollup-linux-arm64-gnu@4.53.2", "", { "os": "linux", "cpu": "arm64" }, "sha512-Xt2byDZ+6OVNuREgBXr4+CZDJtrVso5woFtpKdGPhpTPHcNG7D8YXeQzpNbFRxzTVqJf7kvPMCub/pcGUWgBjA=="],

    "@rollup/rollup-linux-arm64-musl": ["@rollup/rollup-linux-arm64-musl@4.53.2", "", { "os": "linux", "cpu": "arm64" }, "sha512-+LdZSldy/I9N8+klim/Y1HsKbJ3BbInHav5qE9Iy77dtHC/pibw1SR/fXlWyAk0ThnpRKoODwnAuSjqxFRDHUQ=="],

    "@rollup/rollup-linux-loong64-gnu": ["@rollup/rollup-linux-loong64-gnu@4.53.2", "", { "os": "linux", "cpu": "none" }, "sha512-8ms8sjmyc1jWJS6WdNSA23rEfdjWB30LH8Wqj0Cqvv7qSHnvw6kgMMXRdop6hkmGPlyYBdRPkjJnj3KCUHV/uQ=="],

    "@rollup/rollup-linux-ppc64-gnu": ["@rollup/rollup-linux-ppc64-gnu@4.53.2", "", { "os": "linux", "cpu": "ppc64" }, "sha512-3HRQLUQbpBDMmzoxPJYd3W6vrVHOo2cVW8RUo87Xz0JPJcBLBr5kZ1pGcQAhdZgX9VV7NbGNipah1omKKe23/g=="],

    "@rollup/rollup-linux-riscv64-gnu": ["@rollup/rollup-linux-riscv64-gnu@4.53.2", "", { "os": "linux", "cpu": "none" }, "sha512-fMjKi+ojnmIvhk34gZP94vjogXNNUKMEYs+EDaB/5TG/wUkoeua7p7VCHnE6T2Tx+iaghAqQX8teQzcvrYpaQA=="],

    "@rollup/rollup-linux-riscv64-musl": ["@rollup/rollup-linux-riscv64-musl@4.53.2", "", { "os": "linux", "cpu": "none" }, "sha512-XuGFGU+VwUUV5kLvoAdi0Wz5Xbh2SrjIxCtZj6Wq8MDp4bflb/+ThZsVxokM7n0pcbkEr2h5/pzqzDYI7cCgLQ=="],

    "@rollup/rollup-linux-s390x-gnu": ["@rollup/rollup-linux-s390x-gnu@4.53.2", "", { "os": "linux", "cpu": "s390x" }, "sha512-w6yjZF0P+NGzWR3AXWX9zc0DNEGdtvykB03uhonSHMRa+oWA6novflo2WaJr6JZakG2ucsyb+rvhrKac6NIy+w=="],

    "@rollup/rollup-linux-x64-gnu": ["@rollup/rollup-linux-x64-gnu@4.53.2", "", { "os": "linux", "cpu": "x64" }, "sha512-yo8d6tdfdeBArzC7T/PnHd7OypfI9cbuZzPnzLJIyKYFhAQ8SvlkKtKBMbXDxe1h03Rcr7u++nFS7tqXz87Gtw=="],

    "@rollup/rollup-linux-x64-musl": ["@rollup/rollup-linux-x64-musl@4.53.2", "", { "os": "linux", "cpu": "x64" }, "sha512-ah59c1YkCxKExPP8O9PwOvs+XRLKwh/mV+3YdKqQ5AMQ0r4M4ZDuOrpWkUaqO7fzAHdINzV9tEVu8vNw48z0lA=="],

    "@rollup/rollup-openharmony-arm64": ["@rollup/rollup-openharmony-arm64@4.53.2", "", { "os": "none", "cpu": "arm64" }, "sha512-4VEd19Wmhr+Zy7hbUsFZ6YXEiP48hE//KPLCSVNY5RMGX2/7HZ+QkN55a3atM1C/BZCGIgqN+xrVgtdak2S9+A=="],

    "@rollup/rollup-win32-arm64-msvc": ["@rollup/rollup-win32-arm64-msvc@4.53.2", "", { "os": "win32", "cpu": "arm64" }, "sha512-IlbHFYc/pQCgew/d5fslcy1KEaYVCJ44G8pajugd8VoOEI8ODhtb/j8XMhLpwHCMB3yk2J07ctup10gpw2nyMA=="],

    "@rollup/rollup-win32-ia32-msvc": ["@rollup/rollup-win32-ia32-msvc@4.53.2", "", { "os": "win32", "cpu": "ia32" }, "sha512-lNlPEGgdUfSzdCWU176ku/dQRnA7W+Gp8d+cWv73jYrb8uT7HTVVxq62DUYxjbaByuf1Yk0RIIAbDzp+CnOTFg=="],

    "@rollup/rollup-win32-x64-gnu": ["@rollup/rollup-win32-x64-gnu@4.53.2", "", { "os": "win32", "cpu": "x64" }, "sha512-S6YojNVrHybQis2lYov1sd+uj7K0Q05NxHcGktuMMdIQ2VixGwAfbJ23NnlvvVV1bdpR2m5MsNBViHJKcA4ADw=="],

    "@rollup/rollup-win32-x64-msvc": ["@rollup/rollup-win32-x64-msvc@4.53.2", "", { "os": "win32", "cpu": "x64" }, "sha512-k+/Rkcyx//P6fetPoLMb8pBeqJBNGx81uuf7iljX9++yNBVRDQgD04L+SVXmXmh5ZP4/WOp4mWF0kmi06PW2tA=="],

    "@types/bun": ["@types/bun@1.3.2", "", { "dependencies": { "bun-types": "1.3.2" } }, "sha512-t15P7k5UIgHKkxwnMNkJbWlh/617rkDGEdSsDbu+qNHTaz9SKf7aC8fiIlUdD5RPpH6GEkP0cK7WlvmrEBRtWg=="],

    "@types/estree": ["@types/estree@1.0.8", "", {}, "sha512-dWHzHa2WqEXI/O1E9OjrocMTKJl2mSrEolh1Iomrv6U+JuNwaHXsXx9bLu5gG7BUWFIN0skIQJQ/L1rIex4X6w=="],

    "@types/minimist": ["@types/minimist@1.2.5", "", {}, "sha512-hov8bUuiLiyFPGyFPE1lwWhmzYbirOXQNNo40+y3zow8aFVTeyn3VWL0VFFfdNddA8S4Vf0Tc062rzyNr7Paag=="],

    "@types/node": ["@types/node@24.10.1", "", { "dependencies": { "undici-types": "~7.16.0" } }, "sha512-GNWcUTRBgIRJD5zj+Tq0fKOJ5XZajIiBroOF0yvj2bSU1WvNdYS/dn9UxwsujGW4JX06dnHyjV2y9rRaybH0iQ=="],

    "@types/react": ["@types/react@19.2.4", "", { "dependencies": { "csstype": "^3.0.2" } }, "sha512-tBFxBp9Nfyy5rsmefN+WXc1JeW/j2BpBHFdLZbEVfs9wn3E3NRFxwV0pJg8M1qQAexFpvz73hJXFofV0ZAu92A=="],

    "@types/resolve": ["@types/resolve@1.20.2", "", {}, "sha512-60BCwRFOZCQhDncwQdxxeOEEkbc5dIMccYLwbxsS4TUNeVECQ/pBJ0j09mrHOl/JJvpRPGwO9SvE4nR2Nb/a4Q=="],

    "ansi-colors": ["ansi-colors@4.1.3", "", {}, "sha512-/6w/C21Pm1A7aZitlI5Ni/2J6FFQN8i1Cvz3kHABAAbw93v/NlvKdVOqz7CCWz/3iv/JplRSEEZ83XION15ovw=="],

    "ansi-regex": ["ansi-regex@5.0.1", "", {}, "sha512-quJQXlTSUGL2LH9SUXo8VwsY4soanhgo6LNSm84E1LBcE8s3O0wpdiRzyR9z/ZZJMlMWv37qOOb9pdJlMUEKFQ=="],

    "astring": ["astring@1.9.0", "", { "bin": { "astring": "bin/astring" } }, "sha512-LElXdjswlqjWrPpJFg1Fx4wpkOCxj1TDHlSV4PlaRxHGWko024xICaa97ZkMfs6DRKlCguiAI+rbXv5GWwXIkg=="],

    "braces": ["braces@3.0.3", "", { "dependencies": { "fill-range": "^7.1.1" } }, "sha512-yQbXgO/OSZVD2IsiLlro+7Hf6Q18EJrKSEsdoMzKePKXct3gvD8oLcOQdIzGupr5Fj+EDe8gO/lxc1BzfMpxvA=="],

    "bun-types": ["bun-types@1.3.2", "", { "dependencies": { "@types/node": "*" }, "peerDependencies": { "@types/react": "^19" } }, "sha512-i/Gln4tbzKNuxP70OWhJRZz1MRfvqExowP7U6JKoI8cntFrtxg7RJK3jvz7wQW54UuvNC8tbKHHri5fy74FVqg=="],

    "cjs-module-lexer": ["cjs-module-lexer@2.1.1", "", {}, "sha512-+CmxIZ/L2vNcEfvNtLdU0ZQ6mbq3FZnwAP2PPTiKP+1QOoKwlKlPgb8UKV0Dds7QVaMnHm+FwSft2VB0s/SLjQ=="],

    "commondir": ["commondir@1.0.1", "", {}, "sha512-W9pAhw0ja1Edb5GVdIF1mjZw/ASI0AlShXM83UUGe2DVr5TdAPEA1OA8m/g8zWp9x6On7gqufY+FatDbC3MDQg=="],

    "csstype": ["csstype@3.1.3", "", {}, "sha512-M1uQkMl8rQK/szD0LNhtqxIPLpimGm8sOBwU7lLnCpSbTyY3yeU1Vc7l4KT5zT4s/yOxHH5O7tIuuLOCnLADRw=="],

    "deepmerge": ["deepmerge@4.3.1", "", {}, "sha512-3sUqbMEc77XqpdNO7FRyRog+eW3ph+GYCbj+rK+uYyRMuwsVy0rMiVtPn+QJlKFvWP/1PYpapqYn0Me2knFn+A=="],

    "enquirer": ["enquirer@2.4.1", "", { "dependencies": { "ansi-colors": "^4.1.1", "strip-ansi": "^6.0.1" } }, "sha512-rRqJg/6gd538VHvR3PSrdRBb/1Vy2YfzHqzvbhGIQpDRKIa4FgV/54b5Q1xYSxOOwKvjXweS26E0Q+nAMwp2pQ=="],

    "esbuild": ["esbuild@0.25.12", "", { "optionalDependencies": { "@esbuild/aix-ppc64": "0.25.12", "@esbuild/android-arm": "0.25.12", "@esbuild/android-arm64": "0.25.12", "@esbuild/android-x64": "0.25.12", "@esbuild/darwin-arm64": "0.25.12", "@esbuild/darwin-x64": "0.25.12", "@esbuild/freebsd-arm64": "0.25.12", "@esbuild/freebsd-x64": "0.25.12", "@esbuild/linux-arm": "0.25.12", "@esbuild/linux-arm64": "0.25.12", "@esbuild/linux-ia32": "0.25.12", "@esbuild/linux-loong64": "0.25.12", "@esbuild/linux-mips64el": "0.25.12", "@esbuild/linux-ppc64": "0.25.12", "@esbuild/linux-riscv64": "0.25.12", "@esbuild/linux-s390x": "0.25.12", "@esbuild/linux-x64": "0.25.12", "@esbuild/netbsd-arm64": "0.25.12", "@esbuild/netbsd-x64": "0.25.12", "@esbuild/openbsd-arm64": "0.25.12", "@esbuild/openbsd-x64": "0.25.12", "@esbuild/openharmony-arm64": "0.25.12", "@esbuild/sunos-x64": "0.25.12", "@esbuild/win32-arm64": "0.25.12", "@esbuild/win32-ia32": "0.25.12", "@esbuild/win32-x64": "0.25.12" }, "bin": { "esbuild": "bin/esbuild" } }, "sha512-bbPBYYrtZbkt6Os6FiTLCTFxvq4tt3JKall1vRwshA3fdVztsLAatFaZobhkBC8/BrPetoa0oksYoKXoG4ryJg=="],

    "estree-walker": ["estree-walker@2.0.2", "", {}, "sha512-Rfkk/Mp/DL7JVje3u18FxFujQlTNR2q6QfMSMB7AvCBx91NGj/ba3kCfza0f6dVDbw7YlRf/nDrn7pQrCCyQ/w=="],

    "fast-glob": ["fast-glob@3.3.3", "", { "dependencies": { "@nodelib/fs.stat": "^2.0.2", "@nodelib/fs.walk": "^1.2.3", "glob-parent": "^5.1.2", "merge2": "^1.3.0", "micromatch": "^4.0.8" } }, "sha512-7MptL8U0cqcFdzIzwOTHoilX9x5BrNqye7Z/LuC7kCMRio1EMSyqRK3BEAUD7sXRq4iT4AzTVuZdhgQ2TCvYLg=="],

    "fastq": ["fastq@1.19.1", "", { "dependencies": { "reusify": "^1.0.4" } }, "sha512-GwLTyxkCXjXbxqIhTsMI2Nui8huMPtnxg7krajPJAjnEG/iiOS7i+zCtWGZR9G0NBKbXKh6X9m9UIsYX/N6vvQ=="],

    "fdir": ["fdir@6.5.0", "", { "peerDependencies": { "picomatch": "^3 || ^4" }, "optionalPeers": ["picomatch"] }, "sha512-tIbYtZbucOs0BRGqPJkshJUYdL+SDH7dVM8gjy+ERp3WAUjLEFJE+02kanyHtwjWOnwrKYBiwAmM0p4kLJAnXg=="],

    "fill-range": ["fill-range@7.1.1", "", { "dependencies": { "to-regex-range": "^5.0.1" } }, "sha512-YsGpe3WHLK8ZYi4tWDg2Jy3ebRz2rXowDxnld4bkQB00cc/1Zw9AWnC0i9ztDJitivtQvaI9KaLyKrc+hBW0yg=="],

    "fsevents": ["fsevents@2.3.3", "", { "os": "darwin" }, "sha512-5xoDfX+fL7faATnagmWPpbFtwh/R77WmMMqqHGS65C3vvB0YHrgF+B1YmZ3441tMj5n63k0212XNoJwzlhffQw=="],

    "function-bind": ["function-bind@1.1.2", "", {}, "sha512-7XHNxH7qX9xG5mIwxkhumTox/MIRNcOgDrxWsMt2pAr23WHp6MrRlN7FBSFpCpr+oVO0F744iUgR82nJMfG2SA=="],

    "glob-parent": ["glob-parent@5.1.2", "", { "dependencies": { "is-glob": "^4.0.1" } }, "sha512-AOIgSQCepiJYwP3ARnGx+5VnTu2HBYdzbGP45eLw1vr3zB3vZLeyed1sC9hnbcOc9/SrMyM5RPQrkGz4aS9Zow=="],

    "hasown": ["hasown@2.0.2", "", { "dependencies": { "function-bind": "^1.1.2" } }, "sha512-0hJU9SCPvmMzIBdZFqNPXWa6dqh7WdH0cII9y+CyS8rG3nL48Bclra9HmKhVVUHyPWNH5Y7xDwAB7bfgSjkUMQ=="],

    "husky": ["husky@9.1.7", "", { "bin": { "husky": "bin.js" } }, "sha512-5gs5ytaNjBrh5Ow3zrvdUUY+0VxIuWVL4i9irt6friV+BqdCfmV11CQTWMiBYWHbXhco+J1kHfTOUkePhCDvMA=="],

    "is-core-module": ["is-core-module@2.16.1", "", { "dependencies": { "hasown": "^2.0.2" } }, "sha512-UfoeMA6fIJ8wTYFEUjelnaGI67v6+N7qXJEvQuIGa99l4xsCruSYOVSQ0uPANn4dAzm8lkYPaKLrrijLq7x23w=="],

    "is-extglob": ["is-extglob@2.1.1", "", {}, "sha512-SbKbANkN603Vi4jEZv49LeVJMn4yGwsbzZworEoyEiutsN3nJYdbO36zfhGJ6QEDpOZIFkDtnq5JRxmvl3jsoQ=="],

    "is-glob": ["is-glob@4.0.3", "", { "dependencies": { "is-extglob": "^2.1.1" } }, "sha512-xelSayHH36ZgE7ZWhli7pW34hNbNl8Ojv5KVmkJD4hBdD3th8Tfk9vYasLM+mXWOZhFkgZfxhLSnrwRr4elSSg=="],

    "is-module": ["is-module@1.0.0", "", {}, "sha512-51ypPSPCoTEIN9dy5Oy+h4pShgJmPCygKfyRCISBI+JoWT/2oJvK8QPxmwv7b/p239jXrm9M1mlQbyKJ5A152g=="],

    "is-number": ["is-number@7.0.0", "", {}, "sha512-41Cifkg6e8TylSpdtTpeLVMqvSBEVzTttHvERD741+pnZ8ANv0004MRL43QKPDlK9cGvNp6NZWZUBlbGXYxxng=="],

    "is-reference": ["is-reference@1.2.1", "", { "dependencies": { "@types/estree": "*" } }, "sha512-U82MsXXiFIrjCK4otLT+o2NA2Cd2g5MLoOVXUZjIOhLurrRxpEXzI8O0KZHr3IjLvlAH1kTPYSuqer5T9ZVBKQ=="],

    "magic-string": ["magic-string@0.30.21", "", { "dependencies": { "@jridgewell/sourcemap-codec": "^1.5.5" } }, "sha512-vd2F4YUyEXKGcLHoq+TEyCjxueSeHnFxyyjNp80yg0XV4vUhnDer/lvvlqM/arB5bXQN5K2/3oinyCRyx8T2CQ=="],

    "merge2": ["merge2@1.4.1", "", {}, "sha512-8q7VEgMJW4J8tcfVPy8g09NcQwZdbwFEqhe/WZkoIzjn/3TGDwtOCYtXGxA3O8tPzpczCCDgv+P2P5y00ZJOOg=="],

    "micromatch": ["micromatch@4.0.8", "", { "dependencies": { "braces": "^3.0.3", "picomatch": "^2.3.1" } }, "sha512-PXwfBhYu0hBCPw8Dn0E+WDYb7af3dSLVWKi3HGv84IdF4TyFoC0ysxFd0Goxw7nSv4T/PzEJQxsYsEiFCKo2BA=="],

    "minimist": ["minimist@1.2.8", "", {}, "sha512-2yyAR8qBkN3YuheJanUpWC5U3bb5osDywNB8RzDVlDwDHbocAJveqqj1u8+SVD7jkWT4yvsHCpWqqWqAxb0zCA=="],

    "path-parse": ["path-parse@1.0.7", "", {}, "sha512-LDJzPVEEEPR+y48z93A0Ed0yXb8pAByGWo/k5YYdYgpY2/2EsOsksJrq7lOHxryrVOn1ejG6oAp8ahvOIQD8sw=="],

    "picomatch": ["picomatch@4.0.3", "", {}, "sha512-5gTmgEY/sqK6gFXLIsQNH19lWb4ebPDLA4SdLP7dsWkIXHWlG66oPuVvXSGFPppYZz8ZDZq0dYYrbHfBCVUb1Q=="],

    "pkgroll": ["pkgroll@2.20.1", "", { "dependencies": { "@rollup/plugin-alias": "^5.1.1", "@rollup/plugin-commonjs": "^28.0.6", "@rollup/plugin-dynamic-import-vars": "^2.1.5", "@rollup/plugin-inject": "^5.0.5", "@rollup/plugin-json": "^6.1.0", "@rollup/plugin-node-resolve": "^16.0.1", "@rollup/pluginutils": "^5.2.0", "cjs-module-lexer": "^2.1.0", "esbuild": "^0.25.8", "magic-string": "^0.30.17", "rollup": "^4.46.2", "rollup-pluginutils": "^2.8.2", "yaml": "^2.8.1" }, "peerDependencies": { "typescript": "^4.1 || ^5.0" }, "optionalPeers": ["typescript"], "bin": { "pkgroll": "dist/cli.mjs" } }, "sha512-+ljnIUQDxOgceLmtM7P3jj88GGk6P8YMqT/EkwKQXIgnsAX7W4LhcMQXQlWYfDE9Rg08k+57FG1omqaeT8+gew=="],

    "queue-microtask": ["queue-microtask@1.2.3", "", {}, "sha512-NuaNSa6flKT5JaSYQzJok04JzTL1CA6aGhv5rfLW3PgqA+M2ChpZQnAC8h8i4ZFkBS8X5RqkDBHA7r4hej3K9A=="],

    "resolve": ["resolve@1.22.11", "", { "dependencies": { "is-core-module": "^2.16.1", "path-parse": "^1.0.7", "supports-preserve-symlinks-flag": "^1.0.0" }, "bin": { "resolve": "bin/resolve" } }, "sha512-RfqAvLnMl313r7c9oclB1HhUEAezcpLjz95wFH4LVuhk9JF/r22qmVP9AMmOU4vMX7Q8pN8jwNg/CSpdFnMjTQ=="],

    "reusify": ["reusify@1.1.0", "", {}, "sha512-g6QUff04oZpHs0eG5p83rFLhHeV00ug/Yf9nZM6fLeUrPguBTkTQOdpAWWspMh55TZfVQDPaN3NQJfbVRAxdIw=="],

    "rollup": ["rollup@4.53.2", "", { "dependencies": { "@types/estree": "1.0.8" }, "optionalDependencies": { "@rollup/rollup-android-arm-eabi": "4.53.2", "@rollup/rollup-android-arm64": "4.53.2", "@rollup/rollup-darwin-arm64": "4.53.2", "@rollup/rollup-darwin-x64": "4.53.2", "@rollup/rollup-freebsd-arm64": "4.53.2", "@rollup/rollup-freebsd-x64": "4.53.2", "@rollup/rollup-linux-arm-gnueabihf": "4.53.2", "@rollup/rollup-linux-arm-musleabihf": "4.53.2", "@rollup/rollup-linux-arm64-gnu": "4.53.2", "@rollup/rollup-linux-arm64-musl": "4.53.2", "@rollup/rollup-linux-loong64-gnu": "4.53.2", "@rollup/rollup-linux-ppc64-gnu": "4.53.2", "@rollup/rollup-linux-riscv64-gnu": "4.53.2", "@rollup/rollup-linux-riscv64-musl": "4.53.2", "@rollup/rollup-linux-s390x-gnu": "4.53.2", "@rollup/rollup-linux-x64-gnu": "4.53.2", "@rollup/rollup-linux-x64-musl": "4.53.2", "@rollup/rollup-openharmony-arm64": "4.53.2", "@rollup/rollup-win32-arm64-msvc": "4.53.2", "@rollup/rollup-win32-ia32-msvc": "4.53.2", "@rollup/rollup-win32-x64-gnu": "4.53.2", "@rollup/rollup-win32-x64-msvc": "4.53.2", "fsevents": "~2.3.2" }, "bin": { "rollup": "dist/bin/rollup" } }, "sha512-MHngMYwGJVi6Fmnk6ISmnk7JAHRNF0UkuucA0CUW3N3a4KnONPEZz+vUanQP/ZC/iY1Qkf3bwPWzyY84wEks1g=="],

    "rollup-pluginutils": ["rollup-pluginutils@2.8.2", "", { "dependencies": { "estree-walker": "^0.6.1" } }, "sha512-EEp9NhnUkwY8aif6bxgovPHMoMoNr2FulJziTndpt5H9RdwC47GSGuII9XxpSdzVGM0GWrNPHV6ie1LTNJPaLQ=="],

    "run-parallel": ["run-parallel@1.2.0", "", { "dependencies": { "queue-microtask": "^1.2.2" } }, "sha512-5l4VyZR86LZ/lDxZTR6jqL8AFE2S0IFLMP26AbjsLVADxHdhB/c0GUsH+y39UfCi3dzz8OlQuPmnaJOMoDHQBA=="],

    "strip-ansi": ["strip-ansi@6.0.1", "", { "dependencies": { "ansi-regex": "^5.0.1" } }, "sha512-Y38VPSHcqkFrCpFnQ9vuSXmquuv5oXOKpGeT6aGrr3o3Gc9AlVa6JBfUSOCnbxGGZF+/0ooI7KrPuUSztUdU5A=="],

    "supports-preserve-symlinks-flag": ["supports-preserve-symlinks-flag@1.0.0", "", {}, "sha512-ot0WnXS9fgdkgIcePe6RHNk1WA8+muPa6cSjeR3V8K27q9BB1rTE3R1p7Hv0z1ZyAc8s6Vvv8DIyWf681MAt0w=="],

    "tasuku": ["tasuku@2.0.2", "", {}, "sha512-7WT61fFiiMPvcXqcECaO2UH17VugTwLsyPbK2dEK8UgeI/WntNj4fmbbRpJ/l81MW+Le/uyRUTKchZG6qpvdFA=="],

    "to-regex-range": ["to-regex-range@5.0.1", "", { "dependencies": { "is-number": "^7.0.0" } }, "sha512-65P7iz6X5yEr1cwcgvQxbbIw7Uk3gOy5dIdtZ4rDveLqhrdJP+Li/Hx6tyK0NEb+2GCyneCMJiGqrADCSNk8sQ=="],

    "ts-dedent": ["ts-dedent@2.2.0", "", {}, "sha512-q5W7tVM71e2xjHZTlgfTDoPF/SmqKG5hddq9SzR49CH2hayqRKJtQ4mtRlSxKaJlR/+9rEM+mnBHf7I2/BQcpQ=="],

    "typescript": ["typescript@5.9.3", "", { "bin": { "tsc": "bin/tsc", "tsserver": "bin/tsserver" } }, "sha512-jl1vZzPDinLr9eUt3J/t7V6FgNEw9QjvBPdysz9KfQDD41fQrC2Y4vKQdiaUpFT4bXlb1RHhLpp8wtm6M5TgSw=="],

    "undici-types": ["undici-types@7.16.0", "", {}, "sha512-Zz+aZWSj8LE6zoxD+xrjh4VfkIG8Ya6LvYkZqtUQGJPZjYl53ypCaUwWqo7eI0x66KBGeRo+mlBEkMSeSZ38Nw=="],

    "yaml": ["yaml@2.8.1", "", { "bin": { "yaml": "bin.mjs" } }, "sha512-lcYcMxX2PO9XMGvAJkJ3OsNMw+/7FKes7/hgerGUYWIoWu5j/+YQqcZr5JnPZWzOsEBgMbSbiSTn/dv/69Mkpw=="],

    "micromatch/picomatch": ["picomatch@2.3.1", "", {}, "sha512-JU3teHTNjmE2VCGFzuY8EXzCDVwEqB2a8fsIvwaStHhAWJEeVd1o1QD80CU6+ZdEXXSLbSsuLwJjkCBWqRQUVA=="],

    "rollup-pluginutils/estree-walker": ["estree-walker@0.6.1", "", {}, "sha512-SqmZANLWS0mnatqbSfRP5g8OXZC12Fgg1IwNtLsyHDzJizORW4khDfjPqJZsemPWBB2uqykUah5YpQ6epsqC/w=="],
  }
}
