{
  "lockfileVersion": 2,
  "configVersion": 1,
  "workspaces": {
    "": {
      "name": "create-elysiajs",
      "dependencies": {
        "enquirer": "^2.4.1",
        "minimist": "^1.2.8",
        "tasuku": "^2.0.1",
      },
      "devDependencies": {
        "@biomejs/biome": "^2.0.0",
        "@types/bun": "^1.2.5",
        "@types/minimist": "^1.2.5",
        "husky": "^9.1.7",
        "pkgroll": "^2.11.2",
        "ts-dedent": "^2.2.0",
        "typescript": "^5.8.2",
      },
    },
  },
  "packages": {
    "@biomejs/biome": ["@biomejs/biome@2.5.14", "", { "optionalDependencies": { "@biomejs/cli-darwin-arm64": "2.5.14", "@biomejs/cli-darwin-x64": "2.5.14", "@biomejs/cli-linux-arm64": "2.5.14", "@biomejs/cli-linux-arm64-musl": "2.5.14", "@biomejs/cli-linux-x64": "2.5.14", "@biomejs/cli-linux-x64-musl": "2.5.14", "@biomejs/cli-win32-arm64": "2.5.14", "@biomejs/cli-win32-x64": "2.5.14" }, "bin": { "biome": "bin/biome" } }, "sha512-0FabLIjd4M/dm8VFI86RMaLLdgepzbdfiAL2R8cr7V81OYYrP1w7Z73KfAwPK5h9SrEBXTzNG2y+mBwPo9xRnw=="],

    "@biomejs/cli-darwin-arm64": ["@biomejs/cli-darwin-arm64@2.5.14", "", { "os": "darwin", "cpu": "arm64" }, "sha512-UnzaXO65L4tsZimFITFP2M121GyhDcWFrT3pL5ZJ5U4XcS/0L5VHYytVohdCf/gnDUFHgl2I9xnt5bV/J1kxHQ=="],

    "@biomejs/cli-darwin-x64": ["@biomejs/cli-darwin-x64@2.5.14", "", { "os": "darwin", "cpu": "x64" }, "sha512-kiy8qA16K93J7uvFfWi4LgjqDpnRKyePAna6A0Y4jxyUga35SYpIZ2cNWlhy0lsfgqRenCpfymnJWEZ6mgpRgA=="],

    "@biomejs/cli-linux-arm64": ["@biomejs/cli-linux-arm64@2.5.14", "", { "os": "linux", "cpu": "arm64" }, "sha512-vO/9BaU1n30CiFNLx49gMTMtbCAAqlo/EqFoG0BU3deQInTbJrmXSmTQ9e3FoDZIKQnvSLDVNL4lx1ci7y1T1Q=="],

    "@biomejs/cli-linux-arm64-musl": ["@biomejs/cli-linux-arm64-musl@2.5.14", "", { "os": "linux", "cpu": "arm64" }, "sha512-SJ9PrZkBnnH9dHJDnxk34vKs0GB2dbsioaft6/hPhWJ7AHpwYH83Isnhj0FSRpFkGgpVfJ1lds23ApB2czUDLQ=="],

    "@biomejs/cli-linux-x64": ["@biomejs/cli-linux-x64@2.5.14", "", { "os": "linux", "cpu": "x64" }, "sha512-VHZRa7CCQBUWKxNwUvHJeuW03WFRgN5NWO//SDGOitc9QIeNyfA42V9zlKm+x82xFSG9Bzi5fi+hbhm9anO8yA=="],

    "@biomejs/cli-linux-x64-musl": ["@biomejs/cli-linux-x64-musl@2.5.14", "", { "os": "linux", "cpu": "x64" }, "sha512-2kI5PrMgW5dcEZYrstLPmUmCwkUwZY39rP4BN93Vxbwcs2O57LDQOktUZZYPvvspN5i0mhGr3TJtF5sU26NUWg=="],

    "@biomejs/cli-win32-arm64": ["@biomejs/cli-win32-arm64@2.5.14", "", { "os": "win32", "cpu": "arm64" }, "sha512-pHgAFffmZtaYoxavEsWEYNvcA7NwOIjLyqw2HXyLbt16xYryX0L4fMV2u0G9ag6LNYPIoqWaWqzUcnc6rLGGXg=="],

    "@biomejs/cli-win32-x64": ["@biomejs/cli-win32-x64@2.5.14", "", { "os": "win32", "cpu": "x64" }, "sha512-oJWmBhoHsnhUKIke+0gXDX0mltJrWHA1UyHsrTlXwX0TL64ilVZAo+TYZm97baecV0esBdpzy3k96q+09JaZUQ=="],

    "@esbuild/aix-ppc64": ["@esbuild/aix-ppc64@0.28.2", "", { "os": "aix", "cpu": "ppc64" }, "sha512-XExcO+dvLKvVtNTibSTBej1NCAbaGhWn9Ww1ZPx80qsahhPFe/8jgWP0IchNe0F3HwkU7n8ejhH8bjonqht8mQ=="],

    "@esbuild/android-arm": ["@esbuild/android-arm@0.28.2", "", { "os": "android", "cpu": "arm" }, "sha512-kXXoiPVVGQcnIYGOeaovwOURpniDBpSq4A03qkQ+BMQqtGG6HYap3xne9C1O1yo4TR3qxlCX5IqqmX6fFo2Lqg=="],

    "@esbuild/android-arm64": ["@esbuild/android-arm64@0.28.2", "", { "os": "android", "cpu": "arm64" }, "sha512-5YfKeeI8qWfBZIX+u2xZC3Zlb3Os/gLS2sbEKM+I4ZOcsWmHS2WLysCcQZDAFRslDUU5Oiq44gf6PYN1vGwG5A=="],

    "@esbuild/android-x64": ["@esbuild/android-x64@0.28.2", "", { "os": "android", "cpu": "x64" }, "sha512-O387ite7SzUyCcy3JQX4P4bLtEA7bLLkx+esve5JHnyYfNTxcVpXZo9jhdB0lTKN44gztELTdU7nS8Nr16Fs1Q=="],

    "@esbuild/darwin-arm64": ["@esbuild/darwin-arm64@0.28.2", "", { "os": "darwin", "cpu": "arm64" }, "sha512-n4KqkOQrraxHJcgjM1RvwbigfQKIKJVpM7xp+KsxiyUSrRdIXnt73VhrPAx0fV44hgfmIVKjxMN9J1t5jySVkw=="],

    "@esbuild/darwin-x64": ["@esbuild/darwin-x64@0.28.2", "", { "os": "darwin", "cpu": "x64" }, "sha512-uq6suIWYP37qzGddBKPw5QEQPi6HiLGsO7UmkpfyaYNQ3D+rN6w6WfwH+nuqcGXWvawGwxOEroO4YGnFh95azw=="],

    "@esbuild/freebsd-arm64": ["@esbuild/freebsd-arm64@0.28.2", "", { "os": "freebsd", "cpu": "arm64" }, "sha512-n+I0BTSRIoy+d6RPKnEVwql5UwBJolytvY4mAOIEJorKlqgPII8ix6slVVrfZ5Tnj7glIZvloylbB/EJPMWEXw=="],

    "@esbuild/freebsd-x64": ["@esbuild/freebsd-x64@0.28.2", "", { "os": "freebsd", "cpu": "x64" }, "sha512-78XJTJkvPs0kz2w61301PJjXl4g7q3JqiYMZ/M/yVI73EHBrCRTgkhu9oqG7vPqq+a/yadEW8aD+agKlk5xrmg=="],

    "@esbuild/linux-arm": ["@esbuild/linux-arm@0.28.2", "", { "os": "linux", "cpu": "arm" }, "sha512-XlDnu2q5yoqems+xay6wSAcg9DDD7K9RLKZEBOMZm3ckNpJBvOX20tSfby8KfrrhINDyv9V2YVZKY/SpoGJI8w=="],

    "@esbuild/linux-arm64": ["@esbuild/linux-arm64@0.28.2", "", { "os": "linux", "cpu": "arm64" }, "sha512-pW4AC0P3it8c7do9MVM4p51FzHzdM/TZrerurgRcHJ2WTa1VQ1CIq18xncfpBJw4ojkiZZrKW2yIBWBP92j6Ug=="],

    "@esbuild/linux-ia32": ["@esbuild/linux-ia32@0.28.2", "", { "os": "linux", "cpu": "ia32" }, "sha512-CYbnj78HsIeA+DhgUKgFCfvNsTHFhMMrinUrMZpDXJXKN8T3XViTZ/+wtHeVxEWY8ewSzTFN+nRmSwO2tZaLUQ=="],

    "@esbuild/linux-loong64": ["@esbuild/linux-loong64@0.28.2", "", { "os": "linux", "cpu": "none" }, "sha512-buwkd8nsph4R+ajRvw0qM5Hja/TXQow3ptzWO2EbG/cqcIkHloRrdlBtQlshyYGTNFvfkfJ5tpPLVkY4DtsPfQ=="],

    "@esbuild/linux-mips64el": ["@esbuild/linux-mips64el@0.28.2", "", { "os": "linux", "cpu": "none" }, "sha512-ZVykbDyk7519VwiNb9Lcj9m8XM6v5V9uKPvrEMkkEedVewf+0itkhahp4HDpgERXhwLRpWFypsGbG/J8s0QjJA=="],

    "@esbuild/linux-ppc64": ["@esbuild/linux-ppc64@0.28.2", "", { "os": "linux", "cpu": "ppc64" }, "sha512-CAXl+Dtd9UUuJd8pKKdwh6MLm3MUMiqMPmhZ3tTSXPqfyQ3vDl6R5hZdZ/kYojK4ofXtdfSv1tFq8XzWx3heNQ=="],

    "@esbuild/linux-riscv64": ["@esbuild/linux-riscv64@0.28.2", "", { "os": "linux", "cpu": "none" }, "sha512-GeXCej4IQtU1B+QlDV8W/RRvbzI3O/Stss+/bCXv4lZls5WGRtu2a+3JkA3i4qIUlMXpcHebWpF8AkJhATowuA=="],

    "@esbuild/linux-s390x": ["@esbuild/linux-s390x@0.28.2", "", { "os": "linux", "cpu": "s390x" }, "sha512-3H1weTYZPxt/WOhByszQZybS9w5lKzUn1FDMsgEChbHWQwHYQQRfBxgCcZvPhjHfKyJjIievvMmEUawJrdY9Dg=="],

    "@esbuild/linux-x64": ["@esbuild/linux-x64@0.28.2", "", { "os": "linux", "cpu": "x64" }, "sha512-4xTZr1FUmSoQW4XIWmit3tzQrUTZM+N3P0XV8xROKYF50XfI7xeO90+1bZvNwxIufQ9hDQVRJH5YhgPVF8A/HQ=="],

    "@esbuild/netbsd-arm64": ["@esbuild/netbsd-arm64@0.28.2", "", { "os": "none", "cpu": "arm64" }, "sha512-sSATRjPeDBg3pdgHoQfoYBob11Kk1FGa9lui5RIHZCoCkJa9QKlvl3/vKz2usCmYYjs7ymJR/2Nnsqe+Hjt5nw=="],

    "@esbuild/netbsd-x64": ["@esbuild/netbsd-x64@0.28.2", "", { "os": "none", "cpu": "x64" }, "sha512-lqnzCV+mM0gIADaKihiCg6ifgfU2L3h5E33rNQBN1Y4MaVGnzryzmvvf7UHxprpQdE8hpqLolJ9Rl+SkIRDpyw=="],

    "@esbuild/openbsd-arm64": ["@esbuild/openbsd-arm64@0.28.2", "", { "os": "openbsd", "cpu": "arm64" }, "sha512-AL2qJILH7lNjrDmCQDvdxMfAUIv8KMNZOvrwAQ8i8//ntL9FflhOyMJ8OZSMBb8/AWXe3/5v5S20y3zCoZWKoQ=="],

    "@esbuild/openbsd-x64": ["@esbuild/openbsd-x64@0.28.2", "", { "os": "openbsd", "cpu": "x64" }, "sha512-QtiuPytchRyC4rwUKhexJdQKvDuZ6hWloi3igqPQNUJCS1/v9EiO3UTOXR6A3FoMo4fnAKbWJdqaIwhOzh8qEw=="],

    "@esbuild/openharmony-arm64": ["@esbuild/openharmony-arm64@0.28.2", "", { "os": "none", "cpu": "arm64" }, "sha512-WkhYDmpTjLvGlScA1rwjRUmhl4k8oXR3cIbtqWmELgU/dFeHHlEllxDvdWcNJV9rbzCexB5vz8gtNewWLgCT7Q=="],

    "@esbuild/sunos-x64": ["@esbuild/sunos-x64@0.28.2", "", { "os": "sunos", "cpu": "x64" }, "sha512-GPMSkTOtMnv2U2F8gxe4Io6qmVs+YKyp832Etqqxr0hFngmXQ3rzwytelm3GIn7T4VviRUlf3sOgBOiTdvaf7g=="],

    "@esbuild/win32-arm64": ["@esbuild/win32-arm64@0.28.2", "", { "os": "win32", "cpu": "arm64" }, "sha512-PIhhEkE9uPBleRBrQEJpUn7MBnibZzbGzYWPmY3x+YoVg/95zbjB4CxPPOQ8l5tYYM4mMaCthF8/1DIfBQQyWQ=="],

    "@esbuild/win32-ia32": ["@esbuild/win32-ia32@0.28.2", "", { "os": "win32", "cpu": "ia32" }, "sha512-YmJbfTlvU7Sdn9BB+4PRES4oB6pxgS37MAONj+hBr/cpXS1aBPKXxNnDbu+QCWPj0o9dgyxeq79g6c5P8KeuYA=="],

    "@esbuild/win32-x64": ["@esbuild/win32-x64@0.28.2", "", { "os": "win32", "cpu": "x64" }, "sha512-5ebpxr3nWMzrL/rnUI755Jkuee0bHL/Gq0WTF9lvcpv73wAp5eu8MfBUgWK9bhWvZjj7yX8etf/8tI8Ney695g=="],

    "@jridgewell/sourcemap-codec": ["@jridgewell/sourcemap-codec@1.6.0", "", {}, "sha512-T7jf+5zgsZHwNJ4lvQ7/aezbyk0nNX+zJVWpmHA7VYsEx7a7qr5Rg5IbtJFqkgze5Y2sruq1RUY8Q837Od7iFw=="],

    "@napi-rs/lzma-linux-x64-gnu": ["@napi-rs/lzma-linux-x64-gnu@1.5.1", "", { "os": "linux", "cpu": "x64" }, "sha512-oTXEIha4SsuXdTA4Iyskj0kpdx2yVXdhd75c2v3xGrHFfVMsbhTPZU/nMPL4sWKo4pBHm3aucLaqGlF696dTyQ=="],

    "@nodelib/fs.scandir": ["@nodelib/fs.scandir@2.1.5", "", { "dependencies": { "@nodelib/fs.stat": "2.0.5", "run-parallel": "^1.1.9" } }, "sha512-vq24Bq3ym5HEQm2NKCr3yXDwjc7vTsEThRDnkp2DK9p1uqLR+DHurm/NOTo0KG7HYHU7eppKZj3MyqYuMBf62g=="],

    "@nodelib/fs.stat": ["@nodelib/fs.stat@2.0.5", "", {}, "sha512-RkhPPp2zrqDAQA/2jNhnztcPAlv64XdhIp7a7454A5ovI7Bukxgt7MX7udwAu3zg1DcpPU0rz3VV1SeaqvY4+A=="],

    "@nodelib/fs.walk": ["@nodelib/fs.walk@1.2.8", "", { "dependencies": { "@nodelib/fs.scandir": "2.1.5", "fastq": "^1.6.0" } }, "sha512-oGB+UxlgWcgQkgwo8GcEGwemoTFt3FIO9ababBmaGwXIoBKZ+GTy0pP185beGg7Llih/NSHSV2XAs1lnznocSg=="],

    "@rollup/plugin-alias": ["@rollup/plugin-alias@6.0.0", "", { "peerDependencies": { "rollup": ">=4.0.0" }, "optionalPeers": ["rollup"] }, "sha512-tPCzJOtS7uuVZd+xPhoy5W4vThe6KWXNmsFCNktaAh5RTqcLiSfT4huPQIXkgJ6YCOjJHvecOAzQxLFhPxKr+g=="],

    "@rollup/plugin-commonjs": ["@rollup/plugin-commonjs@29.0.3", "", { "dependencies": { "@rollup/pluginutils": "^5.0.1", "commondir": "^1.0.1", "estree-walker": "^2.0.2", "fdir": "^6.2.0", "is-reference": "1.2.1", "magic-string": "^0.30.3", "picomatch": "^4.0.2" }, "peerDependencies": { "rollup": "^2.68.0||^3.0.0||^4.0.0" }, "optionalPeers": ["rollup"] }, "sha512-ZaOxZceP7SOUW7Lqw5IRVweSQYWaeIPnXIGLiB690EBA3FGJTO40EEr2L5yZplJWsgTCogILRSpcAe7+U0Otdg=="],

    "@rollup/plugin-dynamic-import-vars": ["@rollup/plugin-dynamic-import-vars@2.1.5", "", { "dependencies": { "@rollup/pluginutils": "^5.0.1", "astring": "^1.8.5", "estree-walker": "^2.0.2", "fast-glob": "^3.2.12", "magic-string": "^0.30.3" }, "peerDependencies": { "rollup": "^1.20.0||^2.0.0||^3.0.0||^4.0.0" }, "optionalPeers": ["rollup"] }, "sha512-Mymi24fd9hlRifdZV/jYIFj1dn99F34imiYu3KzlAcgBcRi3i9SucgW/VRo5SQ9K4NuQ7dCep6pFWgNyhRdFHQ=="],

    "@rollup/plugin-json": ["@rollup/plugin-json@6.1.0", "", { "dependencies": { "@rollup/pluginutils": "^5.1.0" }, "peerDependencies": { "rollup": "^1.20.0||^2.0.0||^3.0.0||^4.0.0" }, "optionalPeers": ["rollup"] }, "sha512-EGI2te5ENk1coGeADSIwZ7G2Q8CJS2sF120T7jLw4xFw9n7wIOXHo+kIYRAoVpJAN+kmqZSoO3Fp4JtoNF4ReA=="],

    "@rollup/plugin-node-resolve": ["@rollup/plugin-node-resolve@16.0.3", "", { "dependencies": { "@rollup/pluginutils": "^5.0.1", "@types/resolve": "1.20.2", "deepmerge": "^4.2.2", "is-module": "^1.0.0", "resolve": "^1.22.1" }, "peerDependencies": { "rollup": "^2.78.0||^3.0.0||^4.0.0" }, "optionalPeers": ["rollup"] }, "sha512-lUYM3UBGuM93CnMPG1YocWu7X802BrNF3jW2zny5gQyLQgRFJhV1Sq0Zi74+dh/6NBx1DxFC4b4GXg9wUCG5Qg=="],

    "@rollup/pluginutils": ["@rollup/pluginutils@5.4.0", "", { "dependencies": { "@types/estree": "^1.0.0", "estree-walker": "^2.0.2", "picomatch": "^4.0.2" }, "peerDependencies": { "rollup": "^1.20.0||^2.0.0||^3.0.0||^4.0.0" }, "optionalPeers": ["rollup"] }, "sha512-MfPp06CjRLfXQ3wY0R8vJDYBy/MvVcc9OulEfR0B8Iv9ko+GCNaRZ+EpJYFl27LhKsZK0o420sYCRHCjfCgeUg=="],

    "@rollup/rollup-android-arm-eabi": ["@rollup/rollup-android-arm-eabi@4.63.3", "", { "os": "android", "cpu": "arm" }, "sha512-w3Jnvi1ocaVm/c7yVPpfB98XeSRBMyzp6njL5MVVbGyXjpmUkN+s6Hp4t0PqhGCCaI1ZHMKXt/w0lA1RCaLVcw=="],

    "@rollup/rollup-android-arm64": ["@rollup/rollup-android-arm64@4.63.3", "", { "os": "android", "cpu": "arm64" }, "sha512-uI/ESiaIbbRYAEhzy8PCUWDp1hB0bjAqM06mW9flOoNO4Q8DQpeoREhBR5Hegfl+wpXiguyJv6XSPzEN7OxyHQ=="],

    "@rollup/rollup-darwin-arm64": ["@rollup/rollup-darwin-arm64@4.63.3", "", { "os": "darwin", "cpu": "arm64" }, "sha512-oxhrd1jmXLwWZ83eQYDXxuqRdkqkzrjR3JobKeuUyfdNZo11FuQIvqEOZhyIT7OBHxXoGslDDjN0cQcM6T0TqQ=="],

    "@rollup/rollup-darwin-x64": ["@rollup/rollup-darwin-x64@4.63.3", "", { "os": "darwin", "cpu": "x64" }, "sha512-7/YiIMghVE8DrxKvNdorAaJVdriOFgOIpdStnPx8ppx5zfTwC3jBCSEAIzB7JD5404m65THl6H93UTTVUvypmg=="],

    "@rollup/rollup-freebsd-arm64": ["@rollup/rollup-freebsd-arm64@4.63.3", "", { "os": "freebsd", "cpu": "arm64" }, "sha512-GXFZRRoMAytaI5z6N3Zhfw0WL18Q0M8r95D5hlC4GqE/lGk8pbSJNUBoOWDfbm6dTciqHj2nU87tI5f6XhQiOg=="],

    "@rollup/rollup-freebsd-x64": ["@rollup/rollup-freebsd-x64@4.63.3", "", { "os": "freebsd", "cpu": "x64" }, "sha512-77W+8X3ddYgPxUpB8nZFQs2Mq+wc4HVlcSRtApXLjYBcnPMkttrSnU8VwKQjeWYhMsITHFs5cWBQ8vz1Q+5RHQ=="],

    "@rollup/rollup-linux-arm-gnueabihf": ["@rollup/rollup-linux-arm-gnueabihf@4.63.3", "", { "os": "linux", "cpu": "arm" }, "sha512-FVkwK+iUC+mq+GipVK46rRVticfAPtvPUNlqlGXUDxdVk/UGjQiiiUVPUrEXdSpU2ufU0XxLGyTqDtBidDOVmg=="],

    "@rollup/rollup-linux-arm-musleabihf": ["@rollup/rollup-linux-arm-musleabihf@4.63.3", "", { "os": "linux", "cpu": "arm" }, "sha512-+aGU1t3398yQOVj1Bz8o3e+KtswxAPvO+mtxtNdfXYMkXIHu7XhhkCD7/DEH9q8tF8uhDnMWvfpUKI8y1sZJsg=="],

    "@rollup/rollup-linux-arm64-gnu": ["@rollup/rollup-linux-arm64-gnu@4.63.3", "", { "os": "linux", "cpu": "arm64" }, "sha512-cR0kjpRXR2KJ2oQK8E2KTPtphs+b9hZ8IhTZubNryt/RsqgdOZBQ2Zq0q5UedtiIi0rs3jVhJh55RE1ZHUVGUA=="],

    "@rollup/rollup-linux-arm64-musl": ["@rollup/rollup-linux-arm64-musl@4.63.3", "", { "os": "linux", "cpu": "arm64" }, "sha512-y1RYi4Q3/9ByVWSSt9kX2ustE0B7kFYbJ6zZdVZVyqopZs3yhCTwRfrjIX4vezUJInma/Gs6BOFDJg7yZmJ0IQ=="],

    "@rollup/rollup-linux-loong64-gnu": ["@rollup/rollup-linux-loong64-gnu@4.63.3", "", { "os": "linux", "cpu": "none" }, "sha512-DNhEA5viIj3Z5bZLE4z4oV8N5ozWqDwyt7T6KG7VdLDJ0nW+rNOYlphBl4/3HQkK75qipPLsVOfStHHOwN9WSg=="],

    "@rollup/rollup-linux-loong64-musl": ["@rollup/rollup-linux-loong64-musl@4.63.3", "", { "os": "linux", "cpu": "none" }, "sha512-17gQCqrIpXBX2Cmi9/TygnVOqGbzsba/iaqcYSL8FY7lNugg+7AiYNs5c5nKWD+NRQha36Sa0CqkJqH4XVHwnQ=="],

    "@rollup/rollup-linux-ppc64-gnu": ["@rollup/rollup-linux-ppc64-gnu@4.63.3", "", { "os": "linux", "cpu": "ppc64" }, "sha512-6LwVnZRIyINpdku/yOcI8Tm9YqLmhHK5emmlOOnW9tO0SYEm1FmKPcsSAGp0NBlqR2P04xaND4jvN6sTHqhq8A=="],

    "@rollup/rollup-linux-ppc64-musl": ["@rollup/rollup-linux-ppc64-musl@4.63.3", "", { "os": "linux", "cpu": "ppc64" }, "sha512-xMUqkTXlEUtI/p5AAukMwBRr1enU3efsTeF+bskeFfk8t1C9rcC8sLREcZXmTfAXEbvRdJVSonVJez3TMlbR3w=="],

    "@rollup/rollup-linux-riscv64-gnu": ["@rollup/rollup-linux-riscv64-gnu@4.63.3", "", { "os": "linux", "cpu": "none" }, "sha512-S3E94co9F9WRRqEaUoQZ38K1gCz6KiM+nL7/3ijq7fDGF3OznjS5TasgYITlvl27GQKtu4lOAOsr5MFwkijvOA=="],

    "@rollup/rollup-linux-riscv64-musl": ["@rollup/rollup-linux-riscv64-musl@4.63.3", "", { "os": "linux", "cpu": "none" }, "sha512-1QtRDwG42x5BJI3s9mxu5rEjDnfbSnk20HQ9/ylTAYnSwYwxMVb+Vgu34wzzTQ7ogqBybebgQNUDAvZVQ38DbA=="],

    "@rollup/rollup-linux-s390x-gnu": ["@rollup/rollup-linux-s390x-gnu@4.63.3", "", { "os": "linux", "cpu": "s390x" }, "sha512-BQhejF6ZXOpxbngiNTP12GCGQeaDVL2QXGeBVViKIYzFHM5RKxTxwUMB1fr1BeNFphFMpnRqC5QSXFSa4z6UQw=="],

    "@rollup/rollup-linux-x64-gnu": ["@rollup/rollup-linux-x64-gnu@4.63.3", "", { "os": "linux", "cpu": "x64" }, "sha512-SXagRwnI2Wlwlitllu59UK/nGVbD1CKPcNqDplHwIC4BqJcpXFjD32d1R/RbuISa95HdQrZM3/7v4bKiowFaLA=="],

    "@rollup/rollup-linux-x64-musl": ["@rollup/rollup-linux-x64-musl@4.63.3", "", { "os": "linux", "cpu": "x64" }, "sha512-2IPozoEALRCziGqE8O9KMK60PMu5TS1huv4fwoeCexj+WjmcwFtX9CTOVbfXCUqcELAubEwRFPYlzb/WvwY2HQ=="],

    "@rollup/rollup-openbsd-x64": ["@rollup/rollup-openbsd-x64@4.63.3", "", { "os": "openbsd", "cpu": "x64" }, "sha512-AoxqosUHT9IX54hFn2TiN6A7d6ZKTtE6pd2bqWtqkkNJ6HJGaU6FRouGX8L1O7R/ZwsnCnpQrHzb4pDEx+UHRQ=="],

    "@rollup/rollup-openharmony-arm64": ["@rollup/rollup-openharmony-arm64@4.63.3", "", { "os": "none", "cpu": "arm64" }, "sha512-d+CaftKgmkFBzCwezMqqy1d0QNNYugqLCMcYVQWBy5SS2YfeMP8Q8ripkgx9O8IyBXXLHrJ+aaCV4U96usv6Yg=="],

    "@rollup/rollup-win32-arm64-msvc": ["@rollup/rollup-win32-arm64-msvc@4.63.3", "", { "os": "win32", "cpu": "arm64" }, "sha512-xXlDF6nR1eOuXbdDy5Hl5fmtY7teUDevF/k0O7IPoZe4Tpmdv+lgdE5JRsnhQtt37ql9P0VF2kAN9a0OCZdo+Q=="],

    "@rollup/rollup-win32-ia32-msvc": ["@rollup/rollup-win32-ia32-msvc@4.63.3", "", { "os": "win32", "cpu": "ia32" }, "sha512-YtXAgLN+JP7Ay6qG3eWhc7IHMQPzLc8r3uvhAvlJIoCz/4Q32+Bl9Fmnywidh8v1GOIMmymjovfqY9ETAtysvA=="],

    "@rollup/rollup-win32-x64-gnu": ["@rollup/rollup-win32-x64-gnu@4.63.3", "", { "os": "win32", "cpu": "x64" }, "sha512-WuWtSJRNo549vzcfZyEgfqb6zeSgn1F+UE5kQ+BCjzz0W4MGCjntUHkZVc1VRuAM7+ULaSyhiPxD1spyewFvkQ=="],

    "@rollup/rollup-win32-x64-msvc": ["@rollup/rollup-win32-x64-msvc@4.63.3", "", { "os": "win32", "cpu": "x64" }, "sha512-+lIKX7O0+IGe7WuhATaAMMeT7B76vfhXH/l9wLQL+nvyhbw2ohYCKIdWL56JfDu75CWt5oKRP4QFH/jkMtBquA=="],

    "@types/bun": ["@types/bun@1.4.2", "", { "dependencies": { "bun-types": "1.4.2" } }, "sha512-GimotNn7+ZV0uVArItBbriZsR1oNf0+WTzPkdcFrzShI7k2norL0uzEaJT8T33dWr7O/c9ZDuAFQrctKCi72oQ=="],

    "@types/estree": ["@types/estree@1.0.9", "", {}, "sha512-GhdPgy1el4/ImP05X05Uw4cw2/M93BCUmnEvWZNStlCzEKME4Fkk+YpoA5OiHNQmoS7Cafb8Xa3Pya8m1Qrzeg=="],

    "@types/minimist": ["@types/minimist@1.2.5", "", {}, "sha512-hov8bUuiLiyFPGyFPE1lwWhmzYbirOXQNNo40+y3zow8aFVTeyn3VWL0VFFfdNddA8S4Vf0Tc062rzyNr7Paag=="],

    "@types/node": ["@types/node@26.6.1", "", { "dependencies": { "undici-types": "~8.9.0" } }, "sha512-VqGJBMCtdhqkBUCcBLvywI0NJ+KLuVzgNnlBUNFOQjqVxzo2lxLUNg1DSey8+u2u6ktswSAxg+s68QLzWHNOuA=="],

    "@types/resolve": ["@types/resolve@1.20.2", "", {}, "sha512-60BCwRFOZCQhDncwQdxxeOEEkbc5dIMccYLwbxsS4TUNeVECQ/pBJ0j09mrHOl/JJvpRPGwO9SvE4nR2Nb/a4Q=="],

    "ansi-colors": ["ansi-colors@4.1.3", "", {}, "sha512-/6w/C21Pm1A7aZitlI5Ni/2J6FFQN8i1Cvz3kHABAAbw93v/NlvKdVOqz7CCWz/3iv/JplRSEEZ83XION15ovw=="],

    "ansi-regex": ["ansi-regex@5.0.1", "", {}, "sha512-quJQXlTSUGL2LH9SUXo8VwsY4soanhgo6LNSm84E1LBcE8s3O0wpdiRzyR9z/ZZJMlMWv37qOOb9pdJlMUEKFQ=="],

    "astring": ["astring@1.9.0", "", { "bin": { "astring": "bin/astring" } }, "sha512-LElXdjswlqjWrPpJFg1Fx4wpkOCxj1TDHlSV4PlaRxHGWko024xICaa97ZkMfs6DRKlCguiAI+rbXv5GWwXIkg=="],

    "braces": ["braces@3.0.3", "", { "dependencies": { "fill-range": "^7.1.1" } }, "sha512-yQbXgO/OSZVD2IsiLlro+7Hf6Q18EJrKSEsdoMzKePKXct3gvD8oLcOQdIzGupr5Fj+EDe8gO/lxc1BzfMpxvA=="],

    "bun-types": ["bun-types@1.4.2", "", { "dependencies": { "@types/node": "*" } }, "sha512-bxV1FgK7yBIzjRe5zBozIM4Bem11ZJcCXSrjWRG3YWLt8yFDePu4cLjpebO8OvPeIE9trbyPF4fuj3Cia4Fj3w=="],

    "cjs-module-lexer": ["cjs-module-lexer@2.2.1", "", {}, "sha512-Ca8swihM+/4yKecYHY52kgJd300hi2lADU/a1RxNTRe+RJ9jvqQlESpbz9DnG9mowez8qwXHB8qYdIUw9e+F5Q=="],

    "commondir": ["commondir@1.0.1", "", {}, "sha512-W9pAhw0ja1Edb5GVdIF1mjZw/ASI0AlShXM83UUGe2DVr5TdAPEA1OA8m/g8zWp9x6On7gqufY+FatDbC3MDQg=="],

    "deepmerge": ["deepmerge@4.3.1", "", {}, "sha512-3sUqbMEc77XqpdNO7FRyRog+eW3ph+GYCbj+rK+uYyRMuwsVy0rMiVtPn+QJlKFvWP/1PYpapqYn0Me2knFn+A=="],

    "enquirer": ["enquirer@2.4.1", "", { "dependencies": { "ansi-colors": "^4.1.1", "strip-ansi": "^6.0.1" } }, "sha512-rRqJg/6gd538VHvR3PSrdRBb/1Vy2YfzHqzvbhGIQpDRKIa4FgV/54b5Q1xYSxOOwKvjXweS26E0Q+nAMwp2pQ=="],

    "es-errors": ["es-errors@1.3.0", "", {}, "sha512-Zf5H2Kxt2xjTvbJvP2ZWLEICxA6j+hAmMzIlypy4xcBg1vKVnx89Wy0GbS+kf5cwCVFFzdCFh2XSCFNULS6csw=="],

    "esbuild": ["esbuild@0.28.2", "", { "optionalDependencies": { "@esbuild/aix-ppc64": "0.28.2", "@esbuild/android-arm": "0.28.2", "@esbuild/android-arm64": "0.28.2", "@esbuild/android-x64": "0.28.2", "@esbuild/darwin-arm64": "0.28.2", "@esbuild/darwin-x64": "0.28.2", "@esbuild/freebsd-arm64": "0.28.2", "@esbuild/freebsd-x64": "0.28.2", "@esbuild/linux-arm": "0.28.2", "@esbuild/linux-arm64": "0.28.2", "@esbuild/linux-ia32": "0.28.2", "@esbuild/linux-loong64": "0.28.2", "@esbuild/linux-mips64el": "0.28.2", "@esbuild/linux-ppc64": "0.28.2", "@esbuild/linux-riscv64": "0.28.2", "@esbuild/linux-s390x": "0.28.2", "@esbuild/linux-x64": "0.28.2", "@esbuild/netbsd-arm64": "0.28.2", "@esbuild/netbsd-x64": "0.28.2", "@esbuild/openbsd-arm64": "0.28.2", "@esbuild/openbsd-x64": "0.28.2", "@esbuild/openharmony-arm64": "0.28.2", "@esbuild/sunos-x64": "0.28.2", "@esbuild/win32-arm64": "0.28.2", "@esbuild/win32-ia32": "0.28.2", "@esbuild/win32-x64": "0.28.2" }, "bin": { "esbuild": "bin/esbuild" } }, "sha512-HKVLS8dvII+xoKW9kmqxbRKrnWEXfJJr/FZhhJmiqIB0e053QNYFqOBouTMO/k5sID4MvCiUCvv8b9M4h32wIA=="],

    "estree-walker": ["estree-walker@2.0.2", "", {}, "sha512-Rfkk/Mp/DL7JVje3u18FxFujQlTNR2q6QfMSMB7AvCBx91NGj/ba3kCfza0f6dVDbw7YlRf/nDrn7pQrCCyQ/w=="],

    "fast-glob": ["fast-glob@3.3.3", "", { "dependencies": { "@nodelib/fs.stat": "^2.0.2", "@nodelib/fs.walk": "^1.2.3", "glob-parent": "^5.1.2", "merge2": "^1.3.0", "micromatch": "^4.0.8" } }, "sha512-7MptL8U0cqcFdzIzwOTHoilX9x5BrNqye7Z/LuC7kCMRio1EMSyqRK3BEAUD7sXRq4iT4AzTVuZdhgQ2TCvYLg=="],

    "fastq": ["fastq@1.20.3", "", { "dependencies": { "reusify": "^1.0.4" } }, "sha512-XKv5nnLs6nLF71NgiKJLIZFLkPyIEuOselLG7ujZnGrRfQK8HpvY+WqKhAJUAdLomwVHErVS4LfxFlPq0/FTAw=="],

    "fdir": ["fdir@6.5.0", "", { "peerDependencies": { "picomatch": "^3 || ^4" }, "optionalPeers": ["picomatch"] }, "sha512-tIbYtZbucOs0BRGqPJkshJUYdL+SDH7dVM8gjy+ERp3WAUjLEFJE+02kanyHtwjWOnwrKYBiwAmM0p4kLJAnXg=="],

    "fill-range": ["fill-range@7.1.1", "", { "dependencies": { "to-regex-range": "^5.0.1" } }, "sha512-YsGpe3WHLK8ZYi4tWDg2Jy3ebRz2rXowDxnld4bkQB00cc/1Zw9AWnC0i9ztDJitivtQvaI9KaLyKrc+hBW0yg=="],

    "fsevents": ["fsevents@2.3.3", "", { "os": "darwin" }, "sha512-5xoDfX+fL7faATnagmWPpbFtwh/R77WmMMqqHGS65C3vvB0YHrgF+B1YmZ3441tMj5n63k0212XNoJwzlhffQw=="],

    "function-bind": ["function-bind@1.1.2", "", {}, "sha512-7XHNxH7qX9xG5mIwxkhumTox/MIRNcOgDrxWsMt2pAr23WHp6MrRlN7FBSFpCpr+oVO0F744iUgR82nJMfG2SA=="],

    "glob-parent": ["glob-parent@5.1.2", "", { "dependencies": { "is-glob": "^4.0.1" } }, "sha512-AOIgSQCepiJYwP3ARnGx+5VnTu2HBYdzbGP45eLw1vr3zB3vZLeyed1sC9hnbcOc9/SrMyM5RPQrkGz4aS9Zow=="],

    "hasown": ["hasown@2.0.4", "", { "dependencies": { "function-bind": "^1.1.2" } }, "sha512-T2UbfbBEF32wiepXIsMlTW9+dDYC6wMh/t/vYA4tuOMKqWz/n3vr1NFSxQiyP+zk2mXsoMA/i/7qV6LKut1t1A=="],

    "husky": ["husky@9.1.7", "", { "bin": { "husky": "bin.js" } }, "sha512-5gs5ytaNjBrh5Ow3zrvdUUY+0VxIuWVL4i9irt6friV+BqdCfmV11CQTWMiBYWHbXhco+J1kHfTOUkePhCDvMA=="],

    "is-core-module": ["is-core-module@2.17.0", "", { "dependencies": { "hasown": "^2.0.4" } }, "sha512-J/vG0zBCbIKOQFfufSwyXdMrsohyJIUNkrnmo6WZGzoM7tr/lsbfW5b2BvisL6zsyMzK9UxV9L6c7AoFbyXHOA=="],

    "is-extglob": ["is-extglob@2.1.1", "", {}, "sha512-SbKbANkN603Vi4jEZv49LeVJMn4yGwsbzZworEoyEiutsN3nJYdbO36zfhGJ6QEDpOZIFkDtnq5JRxmvl3jsoQ=="],

    "is-glob": ["is-glob@4.0.3", "", { "dependencies": { "is-extglob": "^2.1.1" } }, "sha512-xelSayHH36ZgE7ZWhli7pW34hNbNl8Ojv5KVmkJD4hBdD3th8Tfk9vYasLM+mXWOZhFkgZfxhLSnrwRr4elSSg=="],

    "is-module": ["is-module@1.0.0", "", {}, "sha512-51ypPSPCoTEIN9dy5Oy+h4pShgJmPCygKfyRCISBI+JoWT/2oJvK8QPxmwv7b/p239jXrm9M1mlQbyKJ5A152g=="],

    "is-number": ["is-number@7.0.0", "", {}, "sha512-41Cifkg6e8TylSpdtTpeLVMqvSBEVzTttHvERD741+pnZ8ANv0004MRL43QKPDlK9cGvNp6NZWZUBlbGXYxxng=="],

    "is-reference": ["is-reference@1.2.1", "", { "dependencies": { "@types/estree": "*" } }, "sha512-U82MsXXiFIrjCK4otLT+o2NA2Cd2g5MLoOVXUZjIOhLurrRxpEXzI8O0KZHr3IjLvlAH1kTPYSuqer5T9ZVBKQ=="],

    "magic-string": ["magic-string@1.4.1", "", { "dependencies": { "@jridgewell/sourcemap-codec": "^1.6.0" } }, "sha512-8lyCu36ErXR0J9uaGKlKQoiLZKmtI63YGLE8G2o9jyRPdr4X47LusSOwgOJOzcVtp81fTAAjxR7BwKz682Jhow=="],

    "merge2": ["merge2@1.4.1", "", {}, "sha512-8q7VEgMJW4J8tcfVPy8g09NcQwZdbwFEqhe/WZkoIzjn/3TGDwtOCYtXGxA3O8tPzpczCCDgv+P2P5y00ZJOOg=="],

    "micromatch": ["micromatch@4.0.8", "", { "dependencies": { "braces": "^3.0.3", "picomatch": "^2.3.1" } }, "sha512-PXwfBhYu0hBCPw8Dn0E+WDYb7af3dSLVWKi3HGv84IdF4TyFoC0ysxFd0Goxw7nSv4T/PzEJQxsYsEiFCKo2BA=="],

    "minimist": ["minimist@1.2.8", "", {}, "sha512-2yyAR8qBkN3YuheJanUpWC5U3bb5osDywNB8RzDVlDwDHbocAJveqqj1u8+SVD7jkWT4yvsHCpWqqWqAxb0zCA=="],

    "path-parse": ["path-parse@1.0.7", "", {}, "sha512-LDJzPVEEEPR+y48z93A0Ed0yXb8pAByGWo/k5YYdYgpY2/2EsOsksJrq7lOHxryrVOn1ejG6oAp8ahvOIQD8sw=="],

    "picomatch": ["picomatch@4.0.7", "", {}, "sha512-qcJu88Q2IWqJsDD529JKMdwGm/dvInW4HvQnRwiH9JtihJvzGOscDtHE3x1pBKeUOTysQ8kVmLnJ2kJu7yhcGA=="],

    "pkgroll": ["pkgroll@2.28.1", "", { "dependencies": { "@rollup/plugin-alias": "^6.0.0", "@rollup/plugin-commonjs": "^29.0.3", "@rollup/plugin-dynamic-import-vars": "^2.1.5", "@rollup/plugin-json": "^6.1.0", "@rollup/plugin-node-resolve": "^16.0.3", "cjs-module-lexer": "^2.2.1", "esbuild": "^0.28.2", "magic-string": "^1.2.2", "rollup": "^4.62.5", "rollup-plugin-import-trace": "^1.0.1", "rollup-pluginutils": "^2.8.2", "signal-exit": "4.1.0", "yaml": "^2.9.0" }, "peerDependencies": { "@typescript/typescript6": "^6", "typescript": "^4.1 || ^5.0 || ^6.0 || ^7.0" }, "optionalPeers": ["@typescript/typescript6", "typescript"], "bin": { "pkgroll": "dist/cli.mjs" } }, "sha512-VZsvQZ68y7Z7VxO4am4dK1rfsqaSXDQEOpcx/aPcI1IgHanH1BDMKpyrlW4qjC/CNFvLE52+Mzy2HkyTOFXyPw=="],

    "queue-microtask": ["queue-microtask@1.2.3", "", {}, "sha512-NuaNSa6flKT5JaSYQzJok04JzTL1CA6aGhv5rfLW3PgqA+M2ChpZQnAC8h8i4ZFkBS8X5RqkDBHA7r4hej3K9A=="],

    "resolve": ["resolve@1.22.12", "", { "dependencies": { "es-errors": "^1.3.0", "is-core-module": "^2.16.1", "path-parse": "^1.0.7", "supports-preserve-symlinks-flag": "^1.0.0" }, "bin": { "resolve": "bin/resolve" } }, "sha512-TyeJ1zif53BPfHootBGwPRYT1RUt6oGWsaQr8UyZW/eAm9bKoijtvruSDEmZHm92CwS9nj7/fWttqPCgzep8CA=="],

    "reusify": ["reusify@1.1.0", "", {}, "sha512-g6QUff04oZpHs0eG5p83rFLhHeV00ug/Yf9nZM6fLeUrPguBTkTQOdpAWWspMh55TZfVQDPaN3NQJfbVRAxdIw=="],

    "rollup": ["rollup@4.63.3", "", { "dependencies": { "@types/estree": "1.0.9" }, "optionalDependencies": { "@napi-rs/lzma-linux-x64-gnu": "1.5.1", "@rollup/rollup-android-arm-eabi": "4.63.3", "@rollup/rollup-android-arm64": "4.63.3", "@rollup/rollup-darwin-arm64": "4.63.3", "@rollup/rollup-darwin-x64": "4.63.3", "@rollup/rollup-freebsd-arm64": "4.63.3", "@rollup/rollup-freebsd-x64": "4.63.3", "@rollup/rollup-linux-arm-gnueabihf": "4.63.3", "@rollup/rollup-linux-arm-musleabihf": "4.63.3", "@rollup/rollup-linux-arm64-gnu": "4.63.3", "@rollup/rollup-linux-arm64-musl": "4.63.3", "@rollup/rollup-linux-loong64-gnu": "4.63.3", "@rollup/rollup-linux-loong64-musl": "4.63.3", "@rollup/rollup-linux-ppc64-gnu": "4.63.3", "@rollup/rollup-linux-ppc64-musl": "4.63.3", "@rollup/rollup-linux-riscv64-gnu": "4.63.3", "@rollup/rollup-linux-riscv64-musl": "4.63.3", "@rollup/rollup-linux-s390x-gnu": "4.63.3", "@rollup/rollup-linux-x64-gnu": "4.63.3", "@rollup/rollup-linux-x64-musl": "4.63.3", "@rollup/rollup-openbsd-x64": "4.63.3", "@rollup/rollup-openharmony-arm64": "4.63.3", "@rollup/rollup-win32-arm64-msvc": "4.63.3", "@rollup/rollup-win32-ia32-msvc": "4.63.3", "@rollup/rollup-win32-x64-gnu": "4.63.3", "@rollup/rollup-win32-x64-msvc": "4.63.3", "fsevents": "~2.3.2" }, "bin": { "rollup": "dist/bin/rollup" } }, "sha512-1i2XreiAoMMXuPGD6Msj2xWrMMkHojNRKivInxGQcg7/1KuPuYlfUutLyh4drnOxUTHX9cHI4wFoat8D/NKaBw=="],

    "rollup-plugin-import-trace": ["rollup-plugin-import-trace@1.0.1", "", { "peerDependencies": { "rollup": "^3.0.0 || ^4.0.0", "vite": "^5.0.0 || ^6.0.0 || ^7.0.0" }, "optionalPeers": ["rollup", "vite"] }, "sha512-dWOKrdYba2BXDJh82kkuM4pAR3M6r7WFp6vbVxAgvLfug2WniMFAg2uZ5sNQ/8CoQWo5l2N5EXDG8+QClKk1YQ=="],

    "rollup-pluginutils": ["rollup-pluginutils@2.8.2", "", { "dependencies": { "estree-walker": "^0.6.1" } }, "sha512-EEp9NhnUkwY8aif6bxgovPHMoMoNr2FulJziTndpt5H9RdwC47GSGuII9XxpSdzVGM0GWrNPHV6ie1LTNJPaLQ=="],

    "run-parallel": ["run-parallel@1.2.0", "", { "dependencies": { "queue-microtask": "^1.2.2" } }, "sha512-5l4VyZR86LZ/lDxZTR6jqL8AFE2S0IFLMP26AbjsLVADxHdhB/c0GUsH+y39UfCi3dzz8OlQuPmnaJOMoDHQBA=="],

    "signal-exit": ["signal-exit@4.1.0", "", {}, "sha512-bzyZ1e88w9O1iNJbKnOlvYTrWPDl46O1bG0D3XInv+9tkPrxrN8jUUTiFlDkkmKWgn1M6CfIA13SuGqOa9Korw=="],

    "strip-ansi": ["strip-ansi@6.0.1", "", { "dependencies": { "ansi-regex": "^5.0.1" } }, "sha512-Y38VPSHcqkFrCpFnQ9vuSXmquuv5oXOKpGeT6aGrr3o3Gc9AlVa6JBfUSOCnbxGGZF+/0ooI7KrPuUSztUdU5A=="],

    "supports-preserve-symlinks-flag": ["supports-preserve-symlinks-flag@1.0.0", "", {}, "sha512-ot0WnXS9fgdkgIcePe6RHNk1WA8+muPa6cSjeR3V8K27q9BB1rTE3R1p7Hv0z1ZyAc8s6Vvv8DIyWf681MAt0w=="],

    "tasuku": ["tasuku@2.3.0", "", {}, "sha512-9Jtk+XAnttslCw4i9RceSZGr2PT5TLn0vUyWnoP2SdlSYzkiYRY6kB5qnPi5IQ/Em8e4oBow1rpaA39iijTIrA=="],

    "to-regex-range": ["to-regex-range@5.0.1", "", { "dependencies": { "is-number": "^7.0.0" } }, "sha512-65P7iz6X5yEr1cwcgvQxbbIw7Uk3gOy5dIdtZ4rDveLqhrdJP+Li/Hx6tyK0NEb+2GCyneCMJiGqrADCSNk8sQ=="],

    "ts-dedent": ["ts-dedent@2.3.0", "", {}, "sha512-JfJeIHke7y2egdGGgRAvpCwYFUsHlM2gPcrVOxFkznt/4uzQ7HFmvE63iFHVLBJNDuyDOQgijDK/tXH/f6Msjg=="],

    "typescript": ["typescript@5.9.3", "", { "bin": { "tsc": "bin/tsc", "tsserver": "bin/tsserver" } }, "sha512-jl1vZzPDinLr9eUt3J/t7V6FgNEw9QjvBPdysz9KfQDD41fQrC2Y4vKQdiaUpFT4bXlb1RHhLpp8wtm6M5TgSw=="],

    "undici-types": ["undici-types@8.9.0", "", {}, "sha512-KTDyRTYX8sWmKXAikPHHSyc63CRPETMctyjKFupcC6OBLXT3xsN0e9aF7m+mIXutFWpUXuedtowG7iLOzp0kQg=="],

    "yaml": ["yaml@2.9.1", "", { "bin": { "yaml": "bin.mjs" } }, "sha512-3NxN8+78OdzbT7C/WjGsyfPAtJaN3FNDsWxv7Y7mcDsT/oOmgW8BpyQQFFBnvZE3j9Y2Sdz1ULFLezL7Eb2yFw=="],

    "@rollup/plugin-commonjs/magic-string": ["magic-string@0.30.21", "", { "dependencies": { "@jridgewell/sourcemap-codec": "^1.5.5" } }, "sha512-vd2F4YUyEXKGcLHoq+TEyCjxueSeHnFxyyjNp80yg0XV4vUhnDer/lvvlqM/arB5bXQN5K2/3oinyCRyx8T2CQ=="],

    "@rollup/plugin-dynamic-import-vars/magic-string": ["magic-string@0.30.21", "", { "dependencies": { "@jridgewell/sourcemap-codec": "^1.5.5" } }, "sha512-vd2F4YUyEXKGcLHoq+TEyCjxueSeHnFxyyjNp80yg0XV4vUhnDer/lvvlqM/arB5bXQN5K2/3oinyCRyx8T2CQ=="],

    "micromatch/picomatch": ["picomatch@2.3.2", "", {}, "sha512-V7+vQEJ06Z+c5tSye8S+nHUfI51xoXIXjHQ99cQtKUkQqqO1kO/KCJUfZXuB47h/YBlDhah2H3hdUGXn8ie0oA=="],

    "rollup-pluginutils/estree-walker": ["estree-walker@0.6.1", "", {}, "sha512-SqmZANLWS0mnatqbSfRP5g8OXZC12Fgg1IwNtLsyHDzJizORW4khDfjPqJZsemPWBB2uqykUah5YpQ6epsqC/w=="],
  }
}
